
Microsoft Visual Studio Solution File, Format Version 12.00
# Visual Studio 2013
VisualStudioVersion = 12.0.30723.0
MinimumVisualStudioVersion = 10.0.40219.1
Project("{2150E333-8FDC-42A3-9474-1A3956D46DE8}") = "Common", "Common", "{5821E366-B5FD-4DB7-816F-3D40B893D96F}"
EndProject
Project("{FAE04EC0-301F-11D3-BF4B-00C04F79EFBC}") = "Models", "Common\Models\Models.csproj", "{2476D61C-F690-4C60-99D4-8BBD78CD615E}"
EndProject
Project("{2150E333-8FDC-42A3-9474-1A3956D46DE8}") = "DataAccess", "DataAccess", "{C1E69022-8DBF-42AC-A90F-F1767795DED3}"
EndProject
Project("{FAE04EC0-301F-11D3-BF4B-00C04F79EFBC}") = "Sql", "DataAccess\Sql\Sql.csproj", "{452FB66F-AB08-4190-9C50-1790465D19D6}"
EndProject
Project("{FAE04EC0-301F-11D3-BF4B-00C04F79EFBC}") = "SqlTest", "DataAccess\SqlTest\SqlTest.csproj", "{6A17E7EF-A649-4AF2-8D03-F1A042C6FE6C}"
EndProject
Project("{FAE04EC0-301F-11D3-BF4B-00C04F79EFBC}") = "DataContracts", "DataAccess\DataContracts\DataContracts.csproj", "{3CADC255-E69B-4B44-B717-D97BA416BDDE}"
EndProject
Project("{2150E333-8FDC-42A3-9474-1A3956D46DE8}") = "BusinessLogic", "BusinessLogic", "{3CF14579-24A2-4B1C-B4A1-871765208386}"
EndProject
Project("{FAE04EC0-301F-11D3-BF4B-00C04F79EFBC}") = "BusinessContracts", "BusinessLogic\BusinessContracts\BusinessContracts.csproj", "{E2EC32CA-1DD3-43AA-8685-31D71638CADA}"
EndProject
Project("{FAE04EC0-301F-11D3-BF4B-00C04F79EFBC}") = "Components", "BusinessLogic\Components\Components.csproj", "{29FDA308-3980-4A99-BEAC-653AD51B499D}"
EndProject
Project("{FAE04EC0-301F-11D3-BF4B-00C04F79EFBC}") = "NInjectResolver", "DependencyInjections\NInject\NInjectResolver.csproj", "{7C71DBDA-1644-4CCC-8562-0B42393FFB89}"
EndProject
Project("{2150E333-8FDC-42A3-9474-1A3956D46DE8}") = "DependencyInjections", "DependencyInjections", "{AB2A07EC-E846-4305-84B3-82614D9E2C0C}"
EndProject
Project("{FAE04EC0-301F-11D3-BF4B-00C04F79EFBC}") = "ComponentsTest", "BusinessLogic\ComponentsTest\ComponentsTest.csproj", "{A7EF02C5-A9D1-4A90-A446-565271EE33DD}"
EndProject
Project("{2150E333-8FDC-42A3-9474-1A3956D46DE8}") = "Presenter", "Presenter", "{07E42A95-D50A-4BF5-A1C6-3359366D0A95}"
EndProject
Project("{FAE04EC0-301F-11D3-BF4B-00C04F79EFBC}") = "WebServices", "Presenter\WebServices\WebServices.csproj", "{9BA72873-A531-419E-BA43-68B922D004DA}"
EndProject
Project("{FAE04EC0-301F-11D3-BF4B-00C04F79EFBC}") = "Components", "Common\Components\Components.csproj", "{2E0BD31F-0CBB-426E-862D-DE26AB707A17}"
EndProject
Global
	GlobalSection(SolutionConfigurationPlatforms) = preSolution
		Debug|Any CPU = Debug|Any CPU
		Release|Any CPU = Release|Any CPU
	EndGlobalSection
	GlobalSection(ProjectConfigurationPlatforms) = postSolution
		{2476D61C-F690-4C60-99D4-8BBD78CD615E}.Debug|Any CPU.ActiveCfg = Debug|Any CPU
		{2476D61C-F690-4C60-99D4-8BBD78CD615E}.Debug|Any CPU.Build.0 = Debug|Any CPU
		{2476D61C-F690-4C60-99D4-8BBD78CD615E}.Release|Any CPU.ActiveCfg = Release|Any CPU
		{2476D61C-F690-4C60-99D4-8BBD78CD615E}.Release|Any CPU.Build.0 = Release|Any CPU
		{452FB66F-AB08-4190-9C50-1790465D19D6}.Debug|Any CPU.ActiveCfg = Debug|Any CPU
		{452FB66F-AB08-4190-9C50-1790465D19D6}.Debug|Any CPU.Build.0 = Debug|Any CPU
		{452FB66F-AB08-4190-9C50-1790465D19D6}.Release|Any CPU.ActiveCfg = Release|Any CPU
		{452FB66F-AB08-4190-9C50-1790465D19D6}.Release|Any CPU.Build.0 = Release|Any CPU
		{6A17E7EF-A649-4AF2-8D03-F1A042C6FE6C}.Debug|Any CPU.ActiveCfg = Debug|Any CPU
		{6A17E7EF-A649-4AF2-8D03-F1A042C6FE6C}.Debug|Any CPU.Build.0 = Debug|Any CPU
		{6A17E7EF-A649-4AF2-8D03-F1A042C6FE6C}.Release|Any CPU.ActiveCfg = Release|Any CPU
		{6A17E7EF-A649-4AF2-8D03-F1A042C6FE6C}.Release|Any CPU.Build.0 = Release|Any CPU
		{3CADC255-E69B-4B44-B717-D97BA416BDDE}.Debug|Any CPU.ActiveCfg = Debug|Any CPU
		{3CADC255-E69B-4B44-B717-D97BA416BDDE}.Debug|Any CPU.Build.0 = Debug|Any CPU
		{3CADC255-E69B-4B44-B717-D97BA416BDDE}.Release|Any CPU.ActiveCfg = Release|Any CPU
		{3CADC255-E69B-4B44-B717-D97BA416BDDE}.Release|Any CPU.Build.0 = Release|Any CPU
		{E2EC32CA-1DD3-43AA-8685-31D71638CADA}.Debug|Any CPU.ActiveCfg = Debug|Any CPU
		{E2EC32CA-1DD3-43AA-8685-31D71638CADA}.Debug|Any CPU.Build.0 = Debug|Any CPU
		{E2EC32CA-1DD3-43AA-8685-31D71638CADA}.Release|Any CPU.ActiveCfg = Release|Any CPU
		{E2EC32CA-1DD3-43AA-8685-31D71638CADA}.Release|Any CPU.Build.0 = Release|Any CPU
		{29FDA308-3980-4A99-BEAC-653AD51B499D}.Debug|Any CPU.ActiveCfg = Debug|Any CPU
		{29FDA308-3980-4A99-BEAC-653AD51B499D}.Debug|Any CPU.Build.0 = Debug|Any CPU
		{29FDA308-3980-4A99-BEAC-653AD51B499D}.Release|Any CPU.ActiveCfg = Release|Any CPU
		{29FDA308-3980-4A99-BEAC-653AD51B499D}.Release|Any CPU.Build.0 = Release|Any CPU
		{7C71DBDA-1644-4CCC-8562-0B42393FFB89}.Debug|Any CPU.ActiveCfg = Debug|Any CPU
		{7C71DBDA-1644-4CCC-8562-0B42393FFB89}.Debug|Any CPU.Build.0 = Debug|Any CPU
		{7C71DBDA-1644-4CCC-8562-0B42393FFB89}.Release|Any CPU.ActiveCfg = Release|Any CPU
		{7C71DBDA-1644-4CCC-8562-0B42393FFB89}.Release|Any CPU.Build.0 = Release|Any CPU
		{A7EF02C5-A9D1-4A90-A446-565271EE33DD}.Debug|Any CPU.ActiveCfg = Debug|Any CPU
		{A7EF02C5-A9D1-4A90-A446-565271EE33DD}.Debug|Any CPU.Build.0 = Debug|Any CPU
		{A7EF02C5-A9D1-4A90-A446-565271EE33DD}.Release|Any CPU.ActiveCfg = Release|Any CPU
		{A7EF02C5-A9D1-4A90-A446-565271EE33DD}.Release|Any CPU.Build.0 = Release|Any CPU
		{9BA72873-A531-419E-BA43-68B922D004DA}.Debug|Any CPU.ActiveCfg = Debug|Any CPU
		{9BA72873-A531-419E-BA43-68B922D004DA}.Debug|Any CPU.Build.0 = Debug|Any CPU
		{9BA72873-A531-419E-BA43-68B922D004DA}.Release|Any CPU.ActiveCfg = Release|Any CPU
		{9BA72873-A531-419E-BA43-68B922D004DA}.Release|Any CPU.Build.0 = Release|Any CPU
		{2E0BD31F-0CBB-426E-862D-DE26AB707A17}.Debug|Any CPU.ActiveCfg = Debug|Any CPU
		{2E0BD31F-0CBB-426E-862D-DE26AB707A17}.Debug|Any CPU.Build.0 = Debug|Any CPU
		{2E0BD31F-0CBB-426E-862D-DE26AB707A17}.Release|Any CPU.ActiveCfg = Release|Any CPU
		{2E0BD31F-0CBB-426E-862D-DE26AB707A17}.Release|Any CPU.Build.0 = Release|Any CPU
	EndGlobalSection
	GlobalSection(SolutionProperties) = preSolution
		HideSolutionNode = FALSE
	EndGlobalSection
	GlobalSection(NestedProjects) = preSolution
		{2476D61C-F690-4C60-99D4-8BBD78CD615E} = {5821E366-B5FD-4DB7-816F-3D40B893D96F}
		{452FB66F-AB08-4190-9C50-1790465D19D6} = {C1E69022-8DBF-42AC-A90F-F1767795DED3}
		{6A17E7EF-A649-4AF2-8D03-F1A042C6FE6C} = {C1E69022-8DBF-42AC-A90F-F1767795DED3}
		{3CADC255-E69B-4B44-B717-D97BA416BDDE} = {C1E69022-8DBF-42AC-A90F-F1767795DED3}
		{E2EC32CA-1DD3-43AA-8685-31D71638CADA} = {3CF14579-24A2-4B1C-B4A1-871765208386}
		{29FDA308-3980-4A99-BEAC-653AD51B499D} = {3CF14579-24A2-4B1C-B4A1-871765208386}
		{7C71DBDA-1644-4CCC-8562-0B42393FFB89} = {AB2A07EC-E846-4305-84B3-82614D9E2C0C}
		{A7EF02C5-A9D1-4A90-A446-565271EE33DD} = {3CF14579-24A2-4B1C-B4A1-871765208386}
		{9BA72873-A531-419E-BA43-68B922D004DA} = {07E42A95-D50A-4BF5-A1C6-3359366D0A95}
		{2E0BD31F-0CBB-426E-862D-DE26AB707A17} = {5821E366-B5FD-4DB7-816F-3D40B893D96F}
	EndGlobalSection
EndGlobal
